// !$*UTF8*$!
{
	archiveVersion = 1;
	classes = {
	};
	objectVersion = 50;
	objects = {

/* Begin PBXBuildFile section */
		6C1281D32455B33300517674 /* AppDelegate.swift in Sources */ = {isa = PBXBuildFile; fileRef = 6C1281D22455B33300517674 /* AppDelegate.swift */; };
		6C1281D52455B33300517674 /* SceneDelegate.swift in Sources */ = {isa = PBXBuildFile; fileRef = 6C1281D42455B33300517674 /* SceneDelegate.swift */; };
		6C1281D72455B33300517674 /* ViewController.swift in Sources */ = {isa = PBXBuildFile; fileRef = 6C1281D62455B33300517674 /* ViewController.swift */; };
		6C1281DA2455B33300517674 /* Main.storyboard in Resources */ = {isa = PBXBuildFile; fileRef = 6C1281D82455B33300517674 /* Main.storyboard */; };
		6C1281DD2455B33300517674 /* Media_Blaster.xcdatamodeld in Sources */ = {isa = PBXBuildFile; fileRef = 6C1281DB2455B33300517674 /* Media_Blaster.xcdatamodeld */; };
		6C1281DF2455B33600517674 /* Assets.xcassets in Resources */ = {isa = PBXBuildFile; fileRef = 6C1281DE2455B33600517674 /* Assets.xcassets */; };
		6C1281E22455B33600517674 /* LaunchScreen.storyboard in Resources */ = {isa = PBXBuildFile; fileRef = 6C1281E02455B33600517674 /* LaunchScreen.storyboard */; };
/* End PBXBuildFile section */

/* Begin PBXFileReference section */
		6C1281CF2455B33300517674 /* Media_Blaster.app */ = {isa = PBXFileReference; explicitFileType = wrapper.application; includeInIndex = 0; path = Media_Blaster.app; sourceTree = BUILT_PRODUCTS_DIR; };
		6C1281D22455B33300517674 /* AppDelegate.swift */ = {isa = PBXFileReference; lastKnownFileType = sourcecode.swift; path = AppDelegate.swift; sourceTree = "<group>"; };
		6C1281D42455B33300517674 /* SceneDelegate.swift */ = {isa = PBXFileReference; lastKnownFileType = sourcecode.swift; path = SceneDelegate.swift; sourceTree = "<group>"; };
		6C1281D62455B33300517674 /* ViewController.swift */ = {isa = PBXFileReference; lastKnownFileType = sourcecode.swift; path = ViewController.swift; sourceTree = "<group>"; };
		6C1281D92455B33300517674 /* Base */ = {isa = PBXFileReference; lastKnownFileType = file.storyboard; name = Base; path = Base.lproj/Main.storyboard; sourceTree = "<group>"; };
		6C1281DC2455B33300517674 /* Media_Blaster.xcdatamodel */ = {isa = PBXFileReference; lastKnownFileType = wrapper.xcdatamodel; path = Media_Blaster.xcdatamodel; sourceTree = "<group>"; };
		6C1281DE2455B33600517674 /* Assets.xcassets */ = {isa = PBXFileReference; lastKnownFileType = folder.assetcatalog; path = Assets.xcassets; sourceTree = "<group>"; };
		6C1281E12455B33600517674 /* Base */ = {isa = PBXFileReference; lastKnownFileType = file.storyboard; name = Base; path = Base.lproj/LaunchScreen.storyboard; sourceTree = "<group>"; };
		6C1281E32455B33600517674 /* Info.plist */ = {isa = PBXFileReference; lastKnownFileType = text.plist.xml; path = Info.plist; sourceTree = "<group>"; };
/* End PBXFileReference section */

/* Begin PBXFrameworksBuildPhase section */
		6C1281CC2455B33300517674 /* Frameworks */ = {
			isa = PBXFrameworksBuildPhase;
			buildActionMask = 2147483647;
			files = (
			);
			runOnlyForDeploymentPostprocessing = 0;
		};
/* End PBXFrameworksBuildPhase section */

/* Begin PBXGroup section */
		6C1281C62455B33300517674 = {
			isa = PBXGroup;
			children = (
				6C1281D12455B33300517674 /* Media_Blaster */,
				6C1281D02455B33300517674 /* Products */,
			);
			sourceTree = "<group>";
		};
		6C1281D02455B33300517674 /* Products */ = {
			isa = PBXGroup;
			children = (
				6C1281CF2455B33300517674 /* Media_Blaster.app */,
			);
			name = Products;
			sourceTree = "<group>";
		};
		6C1281D12455B33300517674 /* Media_Blaster */ = {
			isa = PBXGroup;
			children = (
				6C1281D22455B33300517674 /* AppDelegate.swift */,
				6C1281D42455B33300517674 /* SceneDelegate.swift */,
				6C1281D62455B33300517674 /* ViewController.swift */,
				6C1281D82455B33300517674 /* Main.storyboard */,
				6C1281DE2455B33600517674 /* Assets.xcassets */,
				6C1281E02455B33600517674 /* LaunchScreen.storyboard */,
				6C1281E32455B33600517674 /* Info.plist */,
				6C1281DB2455B33300517674 /* Media_Blaster.xcdatamodeld */,
			);
			path = Media_Blaster;
			sourceTree = "<group>";
		};
/* End PBXGroup section */

/* Begin PBXNativeTarget section */
		6C1281CE2455B33300517674 /* Media_Blaster */ = {
			isa = PBXNativeTarget;
			buildConfigurationList = 6C1281E62455B33600517674 /* Build configuration list for PBXNativeTarget "Media_Blaster" */;
			buildPhases = (
				6C1281CB2455B33300517674 /* Sources */,
				6C1281CC2455B33300517674 /* Frameworks */,
				6C1281CD2455B33300517674 /* Resources */,
			);
			buildRules = (
			);
			dependencies = (
			);
			name = Media_Blaster;
			productName = Media_Blaster;
			productReference = 6C1281CF2455B33300517674 /* Media_Blaster.app */;
			productType = "com.apple.product-type.application";
		};
/* End PBXNativeTarget section */

/* Begin PBXProject section */
		6C1281C72455B33300517674 /* Project object */ = {
			isa = PBXProject;
			attributes = {
				LastSwiftUpdateCheck = 1130;
				LastUpgradeCheck = 1130;
				ORGANIZATIONNAME = ADDA;
				TargetAttributes = {
					6C1281CE2455B33300517674 = {
						CreatedOnToolsVersion = 11.3.1;
					};
				};
			};
			buildConfigurationList = 6C1281CA2455B33300517674 /* Build configuration list for PBXProject "Media_Blaster" */;
			compatibilityVersion = "Xcode 9.3";
			developmentRegion = en;
			hasScannedForEncodings = 0;
			knownRegions = (
				en,
				Base,
			);
			mainGroup = 6C1281C62455B33300517674;
			productRefGroup = 6C1281D02455B33300517674 /* Products */;
			projectDirPath = "";
			projectRoot = "";
			targets = (
				6C1281CE2455B33300517674 /* Media_Blaster */,
			);
		};
/* End PBXProject section */

/* Begin PBXResourcesBuildPhase section */
		6C1281CD2455B33300517674 /* Resources */ = {
			isa = PBXResourcesBuildPhase;
			buildActionMask = 2147483647;
			files = (
				6C1281E22455B33600517674 /* LaunchScreen.storyboard in Resources */,
				6C1281DF2455B33600517674 /* Assets.xcassets in Resources */,
				6C1281DA2455B33300517674 /* Main.storyboard in Resources */,
			);
			runOnlyForDeploymentPostprocessing = 0;
		};
/* End PBXResourcesBuildPhase section */

/* Begin PBXSourcesBuildPhase section */
		6C1281CB2455B33300517674 /* Sources */ = {
			isa = PBXSourcesBuildPhase;
			buildActionMask = 2147483647;
			files = (
				6C1281D72455B33300517674 /* ViewController.swift in Sources */,
				6C1281D32455B33300517674 /* AppDelegate.swift in Sources */,
				6C1281DD2455B33300517674 /* Media_Blaster.xcdatamodeld in Sources */,
				6C1281D52455B33300517674 /* SceneDelegate.swift in Sources */,
			);
			runOnlyForDeploymentPostprocessing = 0;
		};
/* End PBXSourcesBuildPhase section */

/* Begin PBXVariantGroup section */
		6C1281D82455B33300517674 /* Main.storyboard */ = {
			isa = PBXVariantGroup;
			children = (
				6C1281D92455B33300517674 /* Base */,
			);
			name = Main.storyboard;
			sourceTree = "<group>";
		};
		6C1281E02455B33600517674 /* LaunchScreen.storyboard */ = {
			isa = PBXVariantGroup;
			children = (
				6C1281E12455B33600517674 /* Base */,
			);
			name = LaunchScreen.storyboard;
			sourceTree = "<group>";
		};
/* End PBXVariantGroup section */

/* Begin XCBuildConfiguration section */
		6C1281E42455B33600517674 /* Debug */ = {
			isa = XCBuildConfiguration;
			buildSettings = {
				ALWAYS_SEARCH_USER_PATHS = NO;
				CLANG_ANALYZER_NONNULL = YES;
				CLANG_ANALYZER_NUMBER_OBJECT_CONVERSION = YES_AGGRESSIVE;
				CLANG_CXX_LANGUAGE_STANDARD = "gnu++14";
				CLANG_CXX_LIBRARY = "libc++";
				CLANG_ENABLE_MODULES = YES;
				CLANG_ENABLE_OBJC_ARC = YES;
				CLANG_ENABLE_OBJC_WEAK = YES;
				CLANG_WARN_BLOCK_CAPTURE_AUTORELEASING = YES;
				CLANG_WARN_BOOL_CONVERSION = YES;
				CLANG_WARN_COMMA = YES;
				CLANG_WARN_CONSTANT_CONVERSION = YES;
				CLANG_WARN_DEPRECATED_OBJC_IMPLEMENTATIONS = YES;
				CLANG_WARN_DIRECT_OBJC_ISA_USAGE = YES_ERROR;
				CLANG_WARN_DOCUMENTATION_COMMENTS = YES;
				CLANG_WARN_EMPTY_BODY = YES;
				CLANG_WARN_ENUM_CONVERSION = YES;
				CLANG_WARN_INFINITE_RECURSION = YES;
				CLANG_WARN_INT_CONVERSION = YES;
				CLANG_WARN_NON_LITERAL_NULL_CONVERSION = YES;
				CLANG_WARN_OBJC_IMPLICIT_RETAIN_SELF = YES;
				CLANG_WARN_OBJC_LITERAL_CONVERSION = YES;
				CLANG_WARN_OBJC_ROOT_CLASS = YES_ERROR;
				CLANG_WARN_RANGE_LOOP_ANALYSIS = YES;
				CLANG_WARN_STRICT_PROTOTYPES = YES;
				CLANG_WARN_SUSPICIOUS_MOVE = YES;
				CLANG_WARN_UNGUARDED_AVAILABILITY = YES_AGGRESSIVE;
				CLANG_WARN_UNREACHABLE_CODE = YES;
				CLANG_WARN__DUPLICATE_METHOD_MATCH = YES;
				COPY_PHASE_STRIP = NO;
				DEBUG_INFORMATION_FORMAT = dwarf;
				ENABLE_STRICT_OBJC_MSGSEND = YES;
				ENABLE_TESTABILITY = YES;
				GCC_C_LANGUAGE_STANDARD = gnu11;
				GCC_DYNAMIC_NO_PIC = NO;
				GCC_NO_COMMON_BLOCKS = YES;
				GCC_OPTIMIZATION_LEVEL = 0;
				GCC_PREPROCESSOR_DEFINITIONS = (
					"DEBUG=1",
					"$(inherited)",
				);
				GCC_WARN_64_TO_32_BIT_CONVERSION = YES;
				GCC_WARN_ABOUT_RETURN_TYPE = YES_ERROR;
				GCC_WARN_UNDECLARED_SELECTOR = YES;
				GCC_WARN_UNINITIALIZED_AUTOS = YES_AGGRESSIVE;
				GCC_WARN_UNUSED_FUNCTION = YES;
				GCC_WARN_UNUSED_VARIABLE = YES;
				IPHONEOS_DEPLOYMENT_TARGET = 13.2;
				MTL_ENABLE_DEBUG_INFO = INCLUDE_SOURCE;
				MTL_FAST_MATH = YES;
				ONLY_ACTIVE_ARCH = YES;
				SDKROOT = iphoneos;
				SWIFT_ACTIVE_COMPILATION_CONDITIONS = DEBUG;
				SWIFT_OPTIMIZATION_LEVEL = "-Onone";
			};
			name = Debug;
		};
		6C1281E52455B33600517674 /* Release */ = {
			isa = XCBuildConfiguration;
			buildSettings = {
				ALWAYS_SEARCH_USER_PATHS = NO;
				CLANG_ANALYZER_NONNULL = YES;
				CLANG_ANALYZER_NUMBER_OBJECT_CONVERSION = YES_AGGRESSIVE;
				CLANG_CXX_LANGUAGE_STANDARD = "gnu++14";
				CLANG_CXX_LIBRARY = "libc++";
				CLANG_ENABLE_MODULES = YES;
				CLANG_ENABLE_OBJC_ARC = YES;
				CLANG_ENABLE_OBJC_WEAK = YES;
				CLANG_WARN_BLOCK_CAPTURE_AUTORELEASING = YES;
				CLANG_WARN_BOOL_CONVERSION = YES;
				CLANG_WARN_COMMA = YES;
				CLANG_WARN_CONSTANT_CONVERSION = YES;
				CLANG_WARN_DEPRECATED_OBJC_IMPLEMENTATIONS = YES;
				CLANG_WARN_DIRECT_OBJC_ISA_USAGE = YES_ERROR;
				CLANG_WARN_DOCUMENTATION_COMMENTS = YES;
				CLANG_WARN_EMPTY_BODY = YES;
				CLANG_WARN_ENUM_CONVERSION = YES;
				CLANG_WARN_INFINITE_RECURSION = YES;
				CLANG_WARN_INT_CONVERSION = YES;
				CLANG_WARN_NON_LITERAL_NULL_CONVERSION = YES;
				CLANG_WARN_OBJC_IMPLICIT_RETAIN_SELF = YES;
				CLANG_WARN_OBJC_LITERAL_CONVERSION = YES;
				CLANG_WARN_OBJC_ROOT_CLASS = YES_ERROR;
				CLANG_WARN_RANGE_LOOP_ANALYSIS = YES;
				CLANG_WARN_STRICT_PROTOTYPES = YES;
				CLANG_WARN_SUSPICIOUS_MOVE = YES;
				CLANG_WARN_UNGUARDED_AVAILABILITY = YES_AGGRESSIVE;
				CLANG_WARN_UNREACHABLE_CODE = YES;
				CLANG_WARN__DUPLICATE_METHOD_MATCH = YES;
				COPY_PHASE_STRIP = NO;
				DEBUG_INFORMATION_FORMAT = "dwarf-with-dsym";
				ENABLE_NS_ASSERTIONS = NO;
				ENABLE_STRICT_OBJC_MSGSEND = YES;
				GCC_C_LANGUAGE_STANDARD = gnu11;
				GCC_NO_COMMON_BLOCKS = YES;
				GCC_WARN_64_TO_32_BIT_CONVERSION = YES;
				GCC_WARN_ABOUT_RETURN_TYPE = YES_ERROR;
				GCC_WARN_UNDECLARED_SELECTOR = YES;
				GCC_WARN_UNINITIALIZED_AUTOS = YES_AGGRESSIVE;
				GCC_WARN_UNUSED_FUNCTION = YES;
				GCC_WARN_UNUSED_VARIABLE = YES;
				IPHONEOS_DEPLOYMENT_TARGET = 13.2;
				MTL_ENABLE_DEBUG_INFO = NO;
				MTL_FAST_MATH = YES;
				SDKROOT = iphoneos;
				SWIFT_COMPILATION_MODE = wholemodule;
				SWIFT_OPTIMIZATION_LEVEL = "-O";
				VALIDATE_PRODUCT = YES;
			};
			name = Release;
		};
		6C1281E72455B33600517674 /* Debug */ = {
			isa = XCBuildConfiguration;
			buildSettings = {
				ASSETCATALOG_COMPILER_APPICON_NAME = AppIcon;
				CODE_SIGN_STYLE = Automatic;
				DEVELOPMENT_TEAM = 8X8K65YZ98;
				INFOPLIST_FILE = Media_Blaster/Info.plist;
				LD_RUNPATH_SEARCH_PATHS = (
					"$(inherited)",
					"@executable_path/Frameworks",
				);
				PRODUCT_BUNDLE_IDENTIFIER = "mallikarjun.Media-Blaster";
				PRODUCT_NAME = "$(TARGET_NAME)";
				SWIFT_VERSION = 5.0;
				TARGETED_DEVICE_FAMILY = "1,2";
			};
			name = Debug;
		};
		6C1281E82455B33600517674 /* Release */ = {
			isa = XCBuildConfiguration;
			buildSettings = {
				ASSETCATALOG_COMPILER_APPICON_NAME = AppIcon;
				CODE_SIGN_STYLE = Automatic;
				DEVELOPMENT_TEAM = 8X8K65YZ98;
				INFOPLIST_FILE = Media_Blaster/Info.plist;
				LD_RUNPATH_SEARCH_PATHS = (
					"$(inherited)",
					"@executable_path/Frameworks",
				);
				PRODUCT_BUNDLE_IDENTIFIER = "mallikarjun.Media-Blaster";
				PRODUCT_NAME = "$(TARGET_NAME)";
				SWIFT_VERSION = 5.0;
				TARGETED_DEVICE_FAMILY = "1,2";
			};
			name = Release;
		};
/* End XCBuildConfiguration section */

/* Begin XCConfigurationList section */
		6C1281CA2455B33300517674 /* Build configuration list for PBXProject "Media_Blaster" */ = {
			isa = XCConfigurationList;
			buildConfigurations = (
				6C1281E42455B33600517674 /* Debug */,
				6C1281E52455B33600517674 /* Release */,
			);
			defaultConfigurationIsVisible = 0;
			defaultConfigurationName = Release;
		};
		6C1281E62455B33600517674 /* Build configuration list for PBXNativeTarget "Media_Blaster" */ = {
			isa = XCConfigurationList;
			buildConfigurations = (
				6C1281E72455B33600517674 /* Debug */,
				6C1281E82455B33600517674 /* Release */,
			);
			defaultConfigurationIsVisible = 0;
			defaultConfigurationName = Release;
		};
/* End XCConfigurationList section */

/* Begin XCVersionGroup section */
		6C1281DB2455B33300517674 /* Media_Blaster.xcdatamodeld */ = {
			isa = XCVersionGroup;
			children = (
				6C1281DC2455B33300517674 /* Media_Blaster.xcdatamodel */,
			);
			currentVersion = 6C1281DC2455B33300517674 /* Media_Blaster.xcdatamodel */;
			path = Media_Blaster.xcdatamodeld;
			sourceTree = "<group>";
			versionGroupType = wrapper.xcdatamodel;
		};
/* End XCVersionGroup section */
	};
	rootObject = 6C1281C72455B33300517674 /* Project object */;
}
